// !$*UTF8*$!
{
	archiveVersion = 1;
	classes = {
	};
	objectVersion = 51;
	objects = {

/* Begin PBXBuildFile section */
		0EE79309E2188D3747E308C9 /* Pods_TrackerTest.framework in Frameworks */ = {isa = PBXBuildFile; fileRef = 992689903A5C5B2C77C3A980 /* Pods_TrackerTest.framework */; };
		310B37A12632E94F00E739B9 /* UIViewController+Extension.swift in Sources */ = {isa = PBXBuildFile; fileRef = 310B37A02632E94F00E739B9 /* UIViewController+Extension.swift */; };
		310B37A52632EF3C00E739B9 /* LocationData.swift in Sources */ = {isa = PBXBuildFile; fileRef = 310B37A42632EF3C00E739B9 /* LocationData.swift */; };
		310B37A8263673B400E739B9 /* TabBarController.swift in Sources */ = {isa = PBXBuildFile; fileRef = 310B37A7263673B400E739B9 /* TabBarController.swift */; };
		310B37AC2636745F00E739B9 /* BluetoothViewController.swift in Sources */ = {isa = PBXBuildFile; fileRef = 310B37AB2636745F00E739B9 /* BluetoothViewController.swift */; };
		310E998A262EA04E00C7BB99 /* FirebaseManager.swift in Sources */ = {isa = PBXBuildFile; fileRef = 310E9989262EA04E00C7BB99 /* FirebaseManager.swift */; };
		310E998D262EA67E00C7BB99 /* Helpers.swift in Sources */ = {isa = PBXBuildFile; fileRef = 310E998C262EA67D00C7BB99 /* Helpers.swift */; };
		312294AF2643F2710018B8B7 /* AlertPresenter.swift in Sources */ = {isa = PBXBuildFile; fileRef = 312294AD2643F2710018B8B7 /* AlertPresenter.swift */; };
		312294B02643F2710018B8B7 /* HKStoreHelper.swift in Sources */ = {isa = PBXBuildFile; fileRef = 312294AE2643F2710018B8B7 /* HKStoreHelper.swift */; };
		312294B32643F2850018B8B7 /* HealthViewController.swift in Sources */ = {isa = PBXBuildFile; fileRef = 312294B22643F2850018B8B7 /* HealthViewController.swift */; };
		312294B72643F29A0018B8B7 /* HKBiologicalSex+StringRepresentation.swift in Sources */ = {isa = PBXBuildFile; fileRef = 312294B52643F29A0018B8B7 /* HKBiologicalSex+StringRepresentation.swift */; };
		312294B82643F29A0018B8B7 /* HKBloodType+StringRepresentation.swift in Sources */ = {isa = PBXBuildFile; fileRef = 312294B62643F29A0018B8B7 /* HKBloodType+StringRepresentation.swift */; };
		312294BA2643F35C0018B8B7 /* HealthKit.framework in Frameworks */ = {isa = PBXBuildFile; fileRef = 312294B92643F35C0018B8B7 /* HealthKit.framework */; };
		31324FC2262980A000668FCD /* AppDelegate.swift in Sources */ = {isa = PBXBuildFile; fileRef = 31324FC1262980A000668FCD /* AppDelegate.swift */; };
		31324FC4262980A000668FCD /* SceneDelegate.swift in Sources */ = {isa = PBXBuildFile; fileRef = 31324FC3262980A000668FCD /* SceneDelegate.swift */; };
		31324FC6262980A000668FCD /* LocationViewController.swift in Sources */ = {isa = PBXBuildFile; fileRef = 31324FC5262980A000668FCD /* LocationViewController.swift */; };
		31324FCB262980B100668FCD /* Assets.xcassets in Resources */ = {isa = PBXBuildFile; fileRef = 31324FCA262980B100668FCD /* Assets.xcassets */; };
		31324FCE262980B100668FCD /* LaunchScreen.storyboard in Resources */ = {isa = PBXBuildFile; fileRef = 31324FCC262980B100668FCD /* LaunchScreen.storyboard */; };
		31324FD92629882B00668FCD /* LocationManager.swift in Sources */ = {isa = PBXBuildFile; fileRef = 31324FD82629882B00668FCD /* LocationManager.swift */; };
		31405F602632DDDE00B4993B /* String+Extension.swift in Sources */ = {isa = PBXBuildFile; fileRef = 31405F5F2632DDDE00B4993B /* String+Extension.swift */; };
		31405F642632DE0C00B4993B /* CustomError.swift in Sources */ = {isa = PBXBuildFile; fileRef = 31405F632632DE0C00B4993B /* CustomError.swift */; };
		31CDEF0A2630253E00F49BE4 /* GoogleService-Info.plist in Resources */ = {isa = PBXBuildFile; fileRef = 31CDEF062630252F00F49BE4 /* GoogleService-Info.plist */; };
/* End PBXBuildFile section */

/* Begin PBXFileReference section */
		162532258D6348DF759529E0 /* Pods-TrackerTest.debug.xcconfig */ = {isa = PBXFileReference; includeInIndex = 1; lastKnownFileType = text.xcconfig; name = "Pods-TrackerTest.debug.xcconfig"; path = "Target Support Files/Pods-TrackerTest/Pods-TrackerTest.debug.xcconfig"; sourceTree = "<group>"; };
		310B37A02632E94F00E739B9 /* UIViewController+Extension.swift */ = {isa = PBXFileReference; lastKnownFileType = sourcecode.swift; path = "UIViewController+Extension.swift"; sourceTree = "<group>"; };
		310B37A42632EF3C00E739B9 /* LocationData.swift */ = {isa = PBXFileReference; lastKnownFileType = sourcecode.swift; path = LocationData.swift; sourceTree = "<group>"; };
		310B37A7263673B400E739B9 /* TabBarController.swift */ = {isa = PBXFileReference; lastKnownFileType = sourcecode.swift; path = TabBarController.swift; sourceTree = "<group>"; };
		310B37AB2636745F00E739B9 /* BluetoothViewController.swift */ = {isa = PBXFileReference; lastKnownFileType = sourcecode.swift; path = BluetoothViewController.swift; sourceTree = "<group>"; };
		310E9989262EA04E00C7BB99 /* FirebaseManager.swift */ = {isa = PBXFileReference; lastKnownFileType = sourcecode.swift; path = FirebaseManager.swift; sourceTree = "<group>"; };
		310E998C262EA67D00C7BB99 /* Helpers.swift */ = {isa = PBXFileReference; lastKnownFileType = sourcecode.swift; path = Helpers.swift; sourceTree = "<group>"; };
		312294AD2643F2710018B8B7 /* AlertPresenter.swift */ = {isa = PBXFileReference; fileEncoding = 4; lastKnownFileType = sourcecode.swift; path = AlertPresenter.swift; sourceTree = "<group>"; };
		312294AE2643F2710018B8B7 /* HKStoreHelper.swift */ = {isa = PBXFileReference; fileEncoding = 4; lastKnownFileType = sourcecode.swift; path = HKStoreHelper.swift; sourceTree = "<group>"; };
		312294B22643F2850018B8B7 /* HealthViewController.swift */ = {isa = PBXFileReference; fileEncoding = 4; lastKnownFileType = sourcecode.swift; path = HealthViewController.swift; sourceTree = "<group>"; };
		312294B52643F29A0018B8B7 /* HKBiologicalSex+StringRepresentation.swift */ = {isa = PBXFileReference; fileEncoding = 4; lastKnownFileType = sourcecode.swift; path = "HKBiologicalSex+StringRepresentation.swift"; sourceTree = "<group>"; };
		312294B62643F29A0018B8B7 /* HKBloodType+StringRepresentation.swift */ = {isa = PBXFileReference; fileEncoding = 4; lastKnownFileType = sourcecode.swift; path = "HKBloodType+StringRepresentation.swift"; sourceTree = "<group>"; };
		312294B92643F35C0018B8B7 /* HealthKit.framework */ = {isa = PBXFileReference; lastKnownFileType = wrapper.framework; name = HealthKit.framework; path = System/Library/Frameworks/HealthKit.framework; sourceTree = SDKROOT; };
		31324FBE262980A000668FCD /* TrackerTest.app */ = {isa = PBXFileReference; explicitFileType = wrapper.application; includeInIndex = 0; path = TrackerTest.app; sourceTree = BUILT_PRODUCTS_DIR; };
		31324FC1262980A000668FCD /* AppDelegate.swift */ = {isa = PBXFileReference; lastKnownFileType = sourcecode.swift; path = AppDelegate.swift; sourceTree = "<group>"; };
		31324FC3262980A000668FCD /* SceneDelegate.swift */ = {isa = PBXFileReference; lastKnownFileType = sourcecode.swift; path = SceneDelegate.swift; sourceTree = "<group>"; };
		31324FC5262980A000668FCD /* LocationViewController.swift */ = {isa = PBXFileReference; lastKnownFileType = sourcecode.swift; path = LocationViewController.swift; sourceTree = "<group>"; };
		31324FCA262980B100668FCD /* Assets.xcassets */ = {isa = PBXFileReference; lastKnownFileType = folder.assetcatalog; path = Assets.xcassets; sourceTree = "<group>"; };
		31324FCD262980B100668FCD /* Base */ = {isa = PBXFileReference; lastKnownFileType = file.storyboard; name = Base; path = Base.lproj/LaunchScreen.storyboard; sourceTree = "<group>"; };
		31324FCF262980B100668FCD /* Info.plist */ = {isa = PBXFileReference; lastKnownFileType = text.plist.xml; path = Info.plist; sourceTree = "<group>"; };
		31324FD82629882B00668FCD /* LocationManager.swift */ = {isa = PBXFileReference; lastKnownFileType = sourcecode.swift; path = LocationManager.swift; sourceTree = "<group>"; };
		31324FDC262D512C00668FCD /* TrackerTest.entitlements */ = {isa = PBXFileReference; lastKnownFileType = text.plist.entitlements; path = TrackerTest.entitlements; sourceTree = "<group>"; };
		31405F5F2632DDDE00B4993B /* String+Extension.swift */ = {isa = PBXFileReference; lastKnownFileType = sourcecode.swift; path = "String+Extension.swift"; sourceTree = "<group>"; };
		31405F632632DE0C00B4993B /* CustomError.swift */ = {isa = PBXFileReference; lastKnownFileType = sourcecode.swift; path = CustomError.swift; sourceTree = "<group>"; };
		31CDEF062630252F00F49BE4 /* GoogleService-Info.plist */ = {isa = PBXFileReference; fileEncoding = 4; lastKnownFileType = text.plist.xml; path = "GoogleService-Info.plist"; sourceTree = "<group>"; };
		992689903A5C5B2C77C3A980 /* Pods_TrackerTest.framework */ = {isa = PBXFileReference; explicitFileType = wrapper.framework; includeInIndex = 0; path = Pods_TrackerTest.framework; sourceTree = BUILT_PRODUCTS_DIR; };
		DE3675C4EF8CE74E013D6B06 /* Pods-TrackerTest.release.xcconfig */ = {isa = PBXFileReference; includeInIndex = 1; lastKnownFileType = text.xcconfig; name = "Pods-TrackerTest.release.xcconfig"; path = "Target Support Files/Pods-TrackerTest/Pods-TrackerTest.release.xcconfig"; sourceTree = "<group>"; };
/* End PBXFileReference section */

/* Begin PBXFrameworksBuildPhase section */
		31324FBB262980A000668FCD /* Frameworks */ = {
			isa = PBXFrameworksBuildPhase;
			buildActionMask = 2147483647;
			files = (
				0EE79309E2188D3747E308C9 /* Pods_TrackerTest.framework in Frameworks */,
				312294BA2643F35C0018B8B7 /* HealthKit.framework in Frameworks */,
			);
			runOnlyForDeploymentPostprocessing = 0;
		};
/* End PBXFrameworksBuildPhase section */

/* Begin PBXGroup section */
		2D8AEC3D2F2AACA068A47130 /* Pods */ = {
			isa = PBXGroup;
			children = (
				162532258D6348DF759529E0 /* Pods-TrackerTest.debug.xcconfig */,
				DE3675C4EF8CE74E013D6B06 /* Pods-TrackerTest.release.xcconfig */,
			);
			path = Pods;
			sourceTree = "<group>";
		};
		310B37A32632EF3200E739B9 /* Models */ = {
			isa = PBXGroup;
			children = (
				310B37A42632EF3C00E739B9 /* LocationData.swift */,
			);
			path = Models;
			sourceTree = "<group>";
		};
		310E998F262EA84600C7BB99 /* Managers */ = {
			isa = PBXGroup;
			children = (
				31324FD82629882B00668FCD /* LocationManager.swift */,
				310E9989262EA04E00C7BB99 /* FirebaseManager.swift */,
			);
			path = Managers;
			sourceTree = "<group>";
		};
		312294AA264276710018B8B7 /* BluetoothTracker */ = {
			isa = PBXGroup;
			children = (
				310B37AB2636745F00E739B9 /* BluetoothViewController.swift */,
			);
			path = BluetoothTracker;
			sourceTree = "<group>";
		};
		312294AB2643F1510018B8B7 /* HealthTracker */ = {
			isa = PBXGroup;
			children = (
				312294B42643F28E0018B8B7 /* Extensions */,
				312294B12643F27A0018B8B7 /* Main */,
				312294AC2643F2580018B8B7 /* Helpers */,
			);
			path = HealthTracker;
			sourceTree = "<group>";
		};
		312294AC2643F2580018B8B7 /* Helpers */ = {
			isa = PBXGroup;
			children = (
				312294AD2643F2710018B8B7 /* AlertPresenter.swift */,
				312294AE2643F2710018B8B7 /* HKStoreHelper.swift */,
			);
			path = Helpers;
			sourceTree = "<group>";
		};
		312294B12643F27A0018B8B7 /* Main */ = {
			isa = PBXGroup;
			children = (
				312294B22643F2850018B8B7 /* HealthViewController.swift */,
			);
			path = Main;
			sourceTree = "<group>";
		};
		312294B42643F28E0018B8B7 /* Extensions */ = {
			isa = PBXGroup;
			children = (
				312294B52643F29A0018B8B7 /* HKBiologicalSex+StringRepresentation.swift */,
				312294B62643F29A0018B8B7 /* HKBloodType+StringRepresentation.swift */,
			);
			path = Extensions;
			sourceTree = "<group>";
		};
		31324FB5262980A000668FCD = {
			isa = PBXGroup;
			children = (
				31324FC0262980A000668FCD /* TrackerTest */,
				31324FBF262980A000668FCD /* Products */,
				2D8AEC3D2F2AACA068A47130 /* Pods */,
				8CDEAC199B013A8E8CDC9A99 /* Frameworks */,
			);
			sourceTree = "<group>";
		};
		31324FBF262980A000668FCD /* Products */ = {
			isa = PBXGroup;
			children = (
				31324FBE262980A000668FCD /* TrackerTest.app */,
			);
			name = Products;
			sourceTree = "<group>";
		};
		31324FC0262980A000668FCD /* TrackerTest */ = {
			isa = PBXGroup;
			children = (
				312294AA264276710018B8B7 /* BluetoothTracker */,
				31405F592632DD9000B4993B /* LocationTracker */,
				312294AB2643F1510018B8B7 /* HealthTracker */,
				31324FDC262D512C00668FCD /* TrackerTest.entitlements */,
				31324FC1262980A000668FCD /* AppDelegate.swift */,
				31324FC3262980A000668FCD /* SceneDelegate.swift */,
				310B37A7263673B400E739B9 /* TabBarController.swift */,
				31CDEF062630252F00F49BE4 /* GoogleService-Info.plist */,
				31324FCA262980B100668FCD /* Assets.xcassets */,
				31324FCC262980B100668FCD /* LaunchScreen.storyboard */,
				31324FCF262980B100668FCD /* Info.plist */,
			);
			path = TrackerTest;
			sourceTree = "<group>";
		};
		31405F592632DD9000B4993B /* LocationTracker */ = {
			isa = PBXGroup;
			children = (
				310B37A32632EF3200E739B9 /* Models */,
				31405F5E2632DDD000B4993B /* Extensions */,
				31405F5C2632DDC300B4993B /* Tools */,
				31405F5B2632DDB100B4993B /* UI */,
				310E998F262EA84600C7BB99 /* Managers */,
			);
			path = LocationTracker;
			sourceTree = "<group>";
		};
		31405F5B2632DDB100B4993B /* UI */ = {
			isa = PBXGroup;
			children = (
				31324FC5262980A000668FCD /* LocationViewController.swift */,
			);
			path = UI;
			sourceTree = "<group>";
		};
		31405F5C2632DDC300B4993B /* Tools */ = {
			isa = PBXGroup;
			children = (
				310E998C262EA67D00C7BB99 /* Helpers.swift */,
				31405F632632DE0C00B4993B /* CustomError.swift */,
			);
			path = Tools;
			sourceTree = "<group>";
		};
		31405F5E2632DDD000B4993B /* Extensions */ = {
			isa = PBXGroup;
			children = (
				31405F5F2632DDDE00B4993B /* String+Extension.swift */,
				310B37A02632E94F00E739B9 /* UIViewController+Extension.swift */,
			);
			path = Extensions;
			sourceTree = "<group>";
		};
		8CDEAC199B013A8E8CDC9A99 /* Frameworks */ = {
			isa = PBXGroup;
			children = (
				312294B92643F35C0018B8B7 /* HealthKit.framework */,
				992689903A5C5B2C77C3A980 /* Pods_TrackerTest.framework */,
			);
			name = Frameworks;
			sourceTree = "<group>";
		};
/* End PBXGroup section */

/* Begin PBXNativeTarget section */
		31324FBD262980A000668FCD /* TrackerTest */ = {
			isa = PBXNativeTarget;
			buildConfigurationList = 31324FD2262980B100668FCD /* Build configuration list for PBXNativeTarget "TrackerTest" */;
			buildPhases = (
				A85F9E0777E3AD2140C43FF1 /* [CP] Check Pods Manifest.lock */,
				31324FBA262980A000668FCD /* Sources */,
				31324FBB262980A000668FCD /* Frameworks */,
				31324FBC262980A000668FCD /* Resources */,
				8E14D7BFB427CC2B1238FB98 /* [CP] Embed Pods Frameworks */,
			);
			buildRules = (
			);
			dependencies = (
			);
			name = TrackerTest;
			productName = TrackerTest;
			productReference = 31324FBE262980A000668FCD /* TrackerTest.app */;
			productType = "com.apple.product-type.application";
		};
/* End PBXNativeTarget section */

/* Begin PBXProject section */
		31324FB6262980A000668FCD /* Project object */ = {
			isa = PBXProject;
			attributes = {
				LastSwiftUpdateCheck = 1240;
				LastUpgradeCheck = 1240;
				TargetAttributes = {
					31324FBD262980A000668FCD = {
						CreatedOnToolsVersion = 12.4;
					};
				};
			};
			buildConfigurationList = 31324FB9262980A000668FCD /* Build configuration list for PBXProject "TrackerTest" */;
			compatibilityVersion = "Xcode 9.3";
			developmentRegion = en;
			hasScannedForEncodings = 0;
			knownRegions = (
				en,
				Base,
			);
			mainGroup = 31324FB5262980A000668FCD;
			productRefGroup = 31324FBF262980A000668FCD /* Products */;
			projectDirPath = "";
			projectRoot = "";
			targets = (
				31324FBD262980A000668FCD /* TrackerTest */,
			);
		};
/* End PBXProject section */

/* Begin PBXResourcesBuildPhase section */
		31324FBC262980A000668FCD /* Resources */ = {
			isa = PBXResourcesBuildPhase;
			buildActionMask = 2147483647;
			files = (
				31324FCE262980B100668FCD /* LaunchScreen.storyboard in Resources */,
				31324FCB262980B100668FCD /* Assets.xcassets in Resources */,
				31CDEF0A2630253E00F49BE4 /* GoogleService-Info.plist in Resources */,
			);
			runOnlyForDeploymentPostprocessing = 0;
		};
/* End PBXResourcesBuildPhase section */

/* Begin PBXShellScriptBuildPhase section */
		8E14D7BFB427CC2B1238FB98 /* [CP] Embed Pods Frameworks */ = {
			isa = PBXShellScriptBuildPhase;
			buildActionMask = 2147483647;
			files = (
			);
			inputFileListPaths = (
				"${PODS_ROOT}/Target Support Files/Pods-TrackerTest/Pods-TrackerTest-frameworks-${CONFIGURATION}-input-files.xcfilelist",
			);
			name = "[CP] Embed Pods Frameworks";
			outputFileListPaths = (
				"${PODS_ROOT}/Target Support Files/Pods-TrackerTest/Pods-TrackerTest-frameworks-${CONFIGURATION}-output-files.xcfilelist",
			);
			runOnlyForDeploymentPostprocessing = 0;
			shellPath = /bin/sh;
			shellScript = "\"${PODS_ROOT}/Target Support Files/Pods-TrackerTest/Pods-TrackerTest-frameworks.sh\"\n";
			showEnvVarsInLog = 0;
		};
		A85F9E0777E3AD2140C43FF1 /* [CP] Check Pods Manifest.lock */ = {
			isa = PBXShellScriptBuildPhase;
			buildActionMask = 2147483647;
			files = (
			);
			inputFileListPaths = (
			);
			inputPaths = (
				"${PODS_PODFILE_DIR_PATH}/Podfile.lock",
				"${PODS_ROOT}/Manifest.lock",
			);
			name = "[CP] Check Pods Manifest.lock";
			outputFileListPaths = (
			);
			outputPaths = (
				"$(DERIVED_FILE_DIR)/Pods-TrackerTest-checkManifestLockResult.txt",
			);
			runOnlyForDeploymentPostprocessing = 0;
			shellPath = /bin/sh;
			shellScript = "diff \"${PODS_PODFILE_DIR_PATH}/Podfile.lock\" \"${PODS_ROOT}/Manifest.lock\" > /dev/null\nif [ $? != 0 ] ; then\n    # print error to STDERR\n    echo \"error: The sandbox is not in sync with the Podfile.lock. Run 'pod install' or update your CocoaPods installation.\" >&2\n    exit 1\nfi\n# This output is used by Xcode 'outputs' to avoid re-running this script phase.\necho \"SUCCESS\" > \"${SCRIPT_OUTPUT_FILE_0}\"\n";
			showEnvVarsInLog = 0;
		};
/* End PBXShellScriptBuildPhase section */

/* Begin PBXSourcesBuildPhase section */
		31324FBA262980A000668FCD /* Sources */ = {
			isa = PBXSourcesBuildPhase;
			buildActionMask = 2147483647;
			files = (
				310B37A12632E94F00E739B9 /* UIViewController+Extension.swift in Sources */,
				312294AF2643F2710018B8B7 /* AlertPresenter.swift in Sources */,
				312294B72643F29A0018B8B7 /* HKBiologicalSex+StringRepresentation.swift in Sources */,
				310E998A262EA04E00C7BB99 /* FirebaseManager.swift in Sources */,
				310B37A8263673B400E739B9 /* TabBarController.swift in Sources */,
				31405F642632DE0C00B4993B /* CustomError.swift in Sources */,
				31405F602632DDDE00B4993B /* String+Extension.swift in Sources */,
				312294B82643F29A0018B8B7 /* HKBloodType+StringRepresentation.swift in Sources */,
				310B37A52632EF3C00E739B9 /* LocationData.swift in Sources */,
				310E998D262EA67E00C7BB99 /* Helpers.swift in Sources */,
				312294B02643F2710018B8B7 /* HKStoreHelper.swift in Sources */,
				31324FD92629882B00668FCD /* LocationManager.swift in Sources */,
				31324FC6262980A000668FCD /* LocationViewController.swift in Sources */,
				310B37AC2636745F00E739B9 /* BluetoothViewController.swift in Sources */,
				31324FC2262980A000668FCD /* AppDelegate.swift in Sources */,
				312294B32643F2850018B8B7 /* HealthViewController.swift in Sources */,
				31324FC4262980A000668FCD /* SceneDelegate.swift in Sources */,
			);
			runOnlyForDeploymentPostprocessing = 0;
		};
/* End PBXSourcesBuildPhase section */

/* Begin PBXVariantGroup section */
		31324FCC262980B100668FCD /* LaunchScreen.storyboard */ = {
			isa = PBXVariantGroup;
			children = (
				31324FCD262980B100668FCD /* Base */,
			);
			name = LaunchScreen.storyboard;
			sourceTree = "<group>";
		};
/* End PBXVariantGroup section */

/* Begin XCBuildConfiguration section */
		31324FD0262980B100668FCD /* Debug */ = {
			isa = XCBuildConfiguration;
			buildSettings = {
				ALWAYS_SEARCH_USER_PATHS = NO;
				CLANG_ANALYZER_NONNULL = YES;
				CLANG_ANALYZER_NUMBER_OBJECT_CONVERSION = YES_AGGRESSIVE;
				CLANG_CXX_LANGUAGE_STANDARD = "gnu++14";
				CLANG_CXX_LIBRARY = "libc++";
				CLANG_ENABLE_MODULES = YES;
				CLANG_ENABLE_OBJC_ARC = YES;
				CLANG_ENABLE_OBJC_WEAK = YES;
				CLANG_WARN_BLOCK_CAPTURE_AUTORELEASING = YES;
				CLANG_WARN_BOOL_CONVERSION = YES;
				CLANG_WARN_COMMA = YES;
				CLANG_WARN_CONSTANT_CONVERSION = YES;
				CLANG_WARN_DEPRECATED_OBJC_IMPLEMENTATIONS = YES;
				CLANG_WARN_DIRECT_OBJC_ISA_USAGE = YES_ERROR;
				CLANG_WARN_DOCUMENTATION_COMMENTS = YES;
				CLANG_WARN_EMPTY_BODY = YES;
				CLANG_WARN_ENUM_CONVERSION = YES;
				CLANG_WARN_INFINITE_RECURSION = YES;
				CLANG_WARN_INT_CONVERSION = YES;
				CLANG_WARN_NON_LITERAL_NULL_CONVERSION = YES;
				CLANG_WARN_OBJC_IMPLICIT_RETAIN_SELF = YES;
				CLANG_WARN_OBJC_LITERAL_CONVERSION = YES;
				CLANG_WARN_OBJC_ROOT_CLASS = YES_ERROR;
				CLANG_WARN_QUOTED_INCLUDE_IN_FRAMEWORK_HEADER = YES;
				CLANG_WARN_RANGE_LOOP_ANALYSIS = YES;
				CLANG_WARN_STRICT_PROTOTYPES = YES;
				CLANG_WARN_SUSPICIOUS_MOVE = YES;
				CLANG_WARN_UNGUARDED_AVAILABILITY = YES_AGGRESSIVE;
				CLANG_WARN_UNREACHABLE_CODE = YES;
				CLANG_WARN__DUPLICATE_METHOD_MATCH = YES;
				COPY_PHASE_STRIP = NO;
				DEBUG_INFORMATION_FORMAT = dwarf;
				ENABLE_STRICT_OBJC_MSGSEND = YES;
				ENABLE_TESTABILITY = YES;
				GCC_C_LANGUAGE_STANDARD = gnu11;
				GCC_DYNAMIC_NO_PIC = NO;
				GCC_NO_COMMON_BLOCKS = YES;
				GCC_OPTIMIZATION_LEVEL = 0;
				GCC_PREPROCESSOR_DEFINITIONS = (
					"DEBUG=1",
					"$(inherited)",
				);
				GCC_WARN_64_TO_32_BIT_CONVERSION = YES;
				GCC_WARN_ABOUT_RETURN_TYPE = YES_ERROR;
				GCC_WARN_UNDECLARED_SELECTOR = YES;
				GCC_WARN_UNINITIALIZED_AUTOS = YES_AGGRESSIVE;
				GCC_WARN_UNUSED_FUNCTION = YES;
				GCC_WARN_UNUSED_VARIABLE = YES;
				IPHONEOS_DEPLOYMENT_TARGET = 14.4;
				MTL_ENABLE_DEBUG_INFO = INCLUDE_SOURCE;
				MTL_FAST_MATH = YES;
				ONLY_ACTIVE_ARCH = YES;
				SDKROOT = iphoneos;
				SWIFT_ACTIVE_COMPILATION_CONDITIONS = DEBUG;
				SWIFT_OPTIMIZATION_LEVEL = "-Onone";
			};
			name = Debug;
		};
		31324FD1262980B100668FCD /* Release */ = {
			isa = XCBuildConfiguration;
			buildSettings = {
				ALWAYS_SEARCH_USER_PATHS = NO;
				CLANG_ANALYZER_NONNULL = YES;
				CLANG_ANALYZER_NUMBER_OBJECT_CONVERSION = YES_AGGRESSIVE;
				CLANG_CXX_LANGUAGE_STANDARD = "gnu++14";
				CLANG_CXX_LIBRARY = "libc++";
				CLANG_ENABLE_MODULES = YES;
				CLANG_ENABLE_OBJC_ARC = YES;
				CLANG_ENABLE_OBJC_WEAK = YES;
				CLANG_WARN_BLOCK_CAPTURE_AUTORELEASING = YES;
				CLANG_WARN_BOOL_CONVERSION = YES;
				CLANG_WARN_COMMA = YES;
				CLANG_WARN_CONSTANT_CONVERSION = YES;
				CLANG_WARN_DEPRECATED_OBJC_IMPLEMENTATIONS = YES;
				CLANG_WARN_DIRECT_OBJC_ISA_USAGE = YES_ERROR;
				CLANG_WARN_DOCUMENTATION_COMMENTS = YES;
				CLANG_WARN_EMPTY_BODY = YES;
				CLANG_WARN_ENUM_CONVERSION = YES;
				CLANG_WARN_INFINITE_RECURSION = YES;
				CLANG_WARN_INT_CONVERSION = YES;
				CLANG_WARN_NON_LITERAL_NULL_CONVERSION = YES;
				CLANG_WARN_OBJC_IMPLICIT_RETAIN_SELF = YES;
				CLANG_WARN_OBJC_LITERAL_CONVERSION = YES;
				CLANG_WARN_OBJC_ROOT_CLASS = YES_ERROR;
				CLANG_WARN_QUOTED_INCLUDE_IN_FRAMEWORK_HEADER = YES;
				CLANG_WARN_RANGE_LOOP_ANALYSIS = YES;
				CLANG_WARN_STRICT_PROTOTYPES = YES;
				CLANG_WARN_SUSPICIOUS_MOVE = YES;
				CLANG_WARN_UNGUARDED_AVAILABILITY = YES_AGGRESSIVE;
				CLANG_WARN_UNREACHABLE_CODE = YES;
				CLANG_WARN__DUPLICATE_METHOD_MATCH = YES;
				COPY_PHASE_STRIP = NO;
				DEBUG_INFORMATION_FORMAT = "dwarf-with-dsym";
				ENABLE_NS_ASSERTIONS = NO;
				ENABLE_STRICT_OBJC_MSGSEND = YES;
				GCC_C_LANGUAGE_STANDARD = gnu11;
				GCC_NO_COMMON_BLOCKS = YES;
				GCC_WARN_64_TO_32_BIT_CONVERSION = YES;
				GCC_WARN_ABOUT_RETURN_TYPE = YES_ERROR;
				GCC_WARN_UNDECLARED_SELECTOR = YES;
				GCC_WARN_UNINITIALIZED_AUTOS = YES_AGGRESSIVE;
				GCC_WARN_UNUSED_FUNCTION = YES;
				GCC_WARN_UNUSED_VARIABLE = YES;
				IPHONEOS_DEPLOYMENT_TARGET = 14.4;
				MTL_ENABLE_DEBUG_INFO = NO;
				MTL_FAST_MATH = YES;
				SDKROOT = iphoneos;
				SWIFT_COMPILATION_MODE = wholemodule;
				SWIFT_OPTIMIZATION_LEVEL = "-O";
				VALIDATE_PRODUCT = YES;
			};
			name = Release;
		};
		31324FD3262980B100668FCD /* Debug */ = {
			isa = XCBuildConfiguration;
			baseConfigurationReference = 162532258D6348DF759529E0 /* Pods-TrackerTest.debug.xcconfig */;
			buildSettings = {
				ASSETCATALOG_COMPILER_APPICON_NAME = AppIcon;
				ASSETCATALOG_COMPILER_GLOBAL_ACCENT_COLOR_NAME = AccentColor;
				CODE_SIGN_ENTITLEMENTS = TrackerTest/TrackerTest.entitlements;
				CODE_SIGN_STYLE = Automatic;
				DEVELOPMENT_TEAM = 97CJYDC5AL;
				INFOPLIST_FILE = TrackerTest/Info.plist;
				LD_RUNPATH_SEARCH_PATHS = (
					"$(inherited)",
					"@executable_path/Frameworks",
				);
				PRODUCT_BUNDLE_IDENTIFIER = com.saritasa.TrackerTest;
				PRODUCT_NAME = "$(TARGET_NAME)";
				SWIFT_VERSION = 5.0;
				TARGETED_DEVICE_FAMILY = "1,2";
			};
			name = Debug;
		};
		31324FD4262980B100668FCD /* Release */ = {
			isa = XCBuildConfiguration;
			baseConfigurationReference = DE3675C4EF8CE74E013D6B06 /* Pods-TrackerTest.release.xcconfig */;
			buildSettings = {
				ASSETCATALOG_COMPILER_APPICON_NAME = AppIcon;
				ASSETCATALOG_COMPILER_GLOBAL_ACCENT_COLOR_NAME = AccentColor;
				CODE_SIGN_ENTITLEMENTS = TrackerTest/TrackerTest.entitlements;
				CODE_SIGN_STYLE = Automatic;
				DEVELOPMENT_TEAM = 97CJYDC5AL;
				INFOPLIST_FILE = TrackerTest/Info.plist;
				LD_RUNPATH_SEARCH_PATHS = (
					"$(inherited)",
					"@executable_path/Frameworks",
				);
				PRODUCT_BUNDLE_IDENTIFIER = com.saritasa.TrackerTest;
				PRODUCT_NAME = "$(TARGET_NAME)";
				SWIFT_VERSION = 5.0;
				TARGETED_DEVICE_FAMILY = "1,2";
			};
			name = Release;
		};
/* End XCBuildConfiguration section */

/* Begin XCConfigurationList section */
		31324FB9262980A000668FCD /* Build configuration list for PBXProject "TrackerTest" */ = {
			isa = XCConfigurationList;
			buildConfigurations = (
				31324FD0262980B100668FCD /* Debug */,
				31324FD1262980B100668FCD /* Release */,
			);
			defaultConfigurationIsVisible = 0;
			defaultConfigurationName = Release;
		};
		31324FD2262980B100668FCD /* Build configuration list for PBXNativeTarget "TrackerTest" */ = {
			isa = XCConfigurationList;
			buildConfigurations = (
				31324FD3262980B100668FCD /* Debug */,
				31324FD4262980B100668FCD /* Release */,
			);
			defaultConfigurationIsVisible = 0;
			defaultConfigurationName = Release;
		};
/* End XCConfigurationList section */
	};
	rootObject = 31324FB6262980A000668FCD /* Project object */;
}
